
Microsoft Visual Studio Solution File, Format Version 12.00
# Visual Studio 14
VisualStudioVersion = 14.0.24720.0
MinimumVisualStudioVersion = 10.0.40219.1
Project("{FAE04EC0-301F-11D3-BF4B-00C04F79EFBC}") = "Week2", "Week2\Week2.csproj", "{4514565d-f87a-4976-b9b0-8c70fe17e44d}"
EndProject
Global
	GlobalSection(SolutionConfigurationPlatforms) = preSolution
		Debug|Any CPU = Debug|Any CPU
		Release|Any CPU = Release|Any CPU
	EndGlobalSection
	GlobalSection(ProjectConfigurationPlatforms) = postSolution
		{000FDF77-3858-4693-8A75-8504F4427E32}.Debug|Any CPU.ActiveCfg = Debug|Any CPU
		{000FDF77-3858-4693-8A75-8504F4427E32}.Debug|Any CPU.Build.0 = Debug|Any CPU
		{000FDF77-3858-4693-8A75-8504F4427E32}.Release|Any CPU.ActiveCfg = Release|Any CPU
		{000FDF77-3858-4693-8A75-8504F4427E32}.Release|Any CPU.Build.0 = Release|Any CPU
		{E7DD39E9-13E8-4CE1-9164-82CC56ECC149}.Debug|Any CPU.ActiveCfg = Debug|Any CPU
		{E7DD39E9-13E8-4CE1-9164-82CC56ECC149}.Debug|Any CPU.Build.0 = Debug|Any CPU
		{E7DD39E9-13E8-4CE1-9164-82CC56ECC149}.Release|Any CPU.ActiveCfg = Release|Any CPU
		{E7DD39E9-13E8-4CE1-9164-82CC56ECC149}.Release|Any CPU.Build.0 = Release|Any CPU
		{CB2A912A-FE1D-4F27-89EC-47066EFCD0A5}.Debug|Any CPU.ActiveCfg = Debug|Any CPU
		{CB2A912A-FE1D-4F27-89EC-47066EFCD0A5}.Debug|Any CPU.Build.0 = Debug|Any CPU
		{CB2A912A-FE1D-4F27-89EC-47066EFCD0A5}.Release|Any CPU.ActiveCfg = Release|Any CPU
		{CB2A912A-FE1D-4F27-89EC-47066EFCD0A5}.Release|Any CPU.Build.0 = Release|Any CPU
	EndGlobalSection
	GlobalSection(SolutionProperties) = preSolution
		HideSolutionNode = FALSE
	EndGlobalSection
EndGlobal
