
Microsoft Visual Studio Solution File, Format Version 12.00
# Visual Studio 14
VisualStudioVersion = 14.0.24720.0
MinimumVisualStudioVersion = 10.0.40219.1
Project("{FAE04EC0-301F-11D3-BF4B-00C04F79EFBC}") = "Hello World", "SPLC-Spring-2016\Hello World.csproj", "{000FDF77-3858-4693-8A75-8504F4427E32}"
EndProject
Global
	GlobalSection(SolutionConfigurationPlatforms) = preSolution
		Debug|Any CPU = Debug|Any CPU
		Release|Any CPU = Release|Any CPU
	EndGlobalSection
	GlobalSection(ProjectConfigurationPlatforms) = postSolution
		{000FDF77-3858-4693-8A75-8504F4427E32}.Debug|Any CPU.ActiveCfg = Debug|Any CPU
		{000FDF77-3858-4693-8A75-8504F4427E32}.Debug|Any CPU.Build.0 = Debug|Any CPU
		{000FDF77-3858-4693-8A75-8504F4427E32}.Release|Any CPU.ActiveCfg = Release|Any CPU
		{000FDF77-3858-4693-8A75-8504F4427E32}.Release|Any CPU.Build.0 = Release|Any CPU
	EndGlobalSection
	GlobalSection(SolutionProperties) = preSolution
		HideSolutionNode = FALSE
	EndGlobalSection
EndGlobal
